
Microsoft Visual Studio Solution File, Format Version 12.00
# Visual Studio Version 17
VisualStudioVersion = 17.14.37411.7
MinimumVisualStudioVersion = 10.0.40219.1
Project("{FAE04EC0-301F-11D3-BF4B-00C04F79EFBC}") = "RestaurantApp.Web", "RestaurantApp.Web\RestaurantApp.Web.csproj", "{D75FFCDA-4617-4A68-AC8D-A82911107B1E}"
EndProject
Global
	GlobalSection(SolutionConfigurationPlatforms) = preSolution
		Debug|Any CPU = Debug|Any CPU
		Release|Any CPU = Release|Any CPU
	EndGlobalSection
	GlobalSection(ProjectConfigurationPlatforms) = postSolution
		{D75FFCDA-4617-4A68-AC8D-A82911107B1E}.Debug|Any CPU.ActiveCfg = Debug|Any CPU
		{D75FFCDA-4617-4A68-AC8D-A82911107B1E}.Debug|Any CPU.Build.0 = Debug|Any CPU
		{D75FFCDA-4617-4A68-AC8D-A82911107B1E}.Release|Any CPU.ActiveCfg = Release|Any CPU
		{D75FFCDA-4617-4A68-AC8D-A82911107B1E}.Release|Any CPU.Build.0 = Release|Any CPU
	EndGlobalSection
	GlobalSection(SolutionProperties) = preSolution
		HideSolutionNode = FALSE
	EndGlobalSection
	GlobalSection(ExtensibilityGlobals) = postSolution
		SolutionGuid = {A411B941-A6EE-49C2-B480-7A1E4D22E1C5}
	EndGlobalSection
EndGlobal
